
Microsoft Visual Studio Solution File, Format Version 12.00
# Visual Studio Version 17
VisualStudioVersion = 17.0.32014.148
MinimumVisualStudioVersion = 10.0.40219.1
Project("{2150E333-8FDC-42A3-9474-1A3956D46DE8}") = "Domain", "Domain", "{86017A7C-AEEB-4DA7-AC67-A3396789FDC0}"
EndProject
Project("{FAE04EC0-301F-11D3-BF4B-00C04F79EFBC}") = "BookStore.Domain", "Domain\BookStore.Domain\BookStore.Domain.csproj", "{01391FF3-B745-4869-9324-736FEF4BA1C9}"
EndProject
Project("{2150E333-8FDC-42A3-9474-1A3956D46DE8}") = "Infrastructure", "Infrastructure", "{68E0913D-5898-478A-BB98-308B942B2DF1}"
EndProject
Project("{FAE04EC0-301F-11D3-BF4B-00C04F79EFBC}") = "BookStore.Memory", "Infrastructure\BookStore.Memory\BookStore.Memory.csproj", "{2E5838BA-50AC-4FF9-BFB0-9DC1984C00E9}"
EndProject
Project("{2150E333-8FDC-42A3-9474-1A3956D46DE8}") = "Presentation", "Presentation", "{8A272FAF-37CE-4C76-8BF1-8D9542B00A71}"
EndProject
Project("{FAE04EC0-301F-11D3-BF4B-00C04F79EFBC}") = "BookStore.Web", "Presentation\BookStore.Web\BookStore.Web.csproj", "{F698F87F-8D02-4537-8D06-AC7AEDF9BF42}"
EndProject
Global
	GlobalSection(SolutionConfigurationPlatforms) = preSolution
		Debug|Any CPU = Debug|Any CPU
		Release|Any CPU = Release|Any CPU
	EndGlobalSection
	GlobalSection(ProjectConfigurationPlatforms) = postSolution
		{01391FF3-B745-4869-9324-736FEF4BA1C9}.Debug|Any CPU.ActiveCfg = Debug|Any CPU
		{01391FF3-B745-4869-9324-736FEF4BA1C9}.Debug|Any CPU.Build.0 = Debug|Any CPU
		{01391FF3-B745-4869-9324-736FEF4BA1C9}.Release|Any CPU.ActiveCfg = Release|Any CPU
		{01391FF3-B745-4869-9324-736FEF4BA1C9}.Release|Any CPU.Build.0 = Release|Any CPU
		{2E5838BA-50AC-4FF9-BFB0-9DC1984C00E9}.Debug|Any CPU.ActiveCfg = Debug|Any CPU
		{2E5838BA-50AC-4FF9-BFB0-9DC1984C00E9}.Debug|Any CPU.Build.0 = Debug|Any CPU
		{2E5838BA-50AC-4FF9-BFB0-9DC1984C00E9}.Release|Any CPU.ActiveCfg = Release|Any CPU
		{2E5838BA-50AC-4FF9-BFB0-9DC1984C00E9}.Release|Any CPU.Build.0 = Release|Any CPU
		{F698F87F-8D02-4537-8D06-AC7AEDF9BF42}.Debug|Any CPU.ActiveCfg = Debug|Any CPU
		{F698F87F-8D02-4537-8D06-AC7AEDF9BF42}.Debug|Any CPU.Build.0 = Debug|Any CPU
		{F698F87F-8D02-4537-8D06-AC7AEDF9BF42}.Release|Any CPU.ActiveCfg = Release|Any CPU
		{F698F87F-8D02-4537-8D06-AC7AEDF9BF42}.Release|Any CPU.Build.0 = Release|Any CPU
	EndGlobalSection
	GlobalSection(SolutionProperties) = preSolution
		HideSolutionNode = FALSE
	EndGlobalSection
	GlobalSection(NestedProjects) = preSolution
		{01391FF3-B745-4869-9324-736FEF4BA1C9} = {86017A7C-AEEB-4DA7-AC67-A3396789FDC0}
		{2E5838BA-50AC-4FF9-BFB0-9DC1984C00E9} = {68E0913D-5898-478A-BB98-308B942B2DF1}
		{F698F87F-8D02-4537-8D06-AC7AEDF9BF42} = {8A272FAF-37CE-4C76-8BF1-8D9542B00A71}
	EndGlobalSection
	GlobalSection(ExtensibilityGlobals) = postSolution
		SolutionGuid = {C2CC6F77-9986-4514-BAB1-F3342409A8F1}
	EndGlobalSection
EndGlobal
